
Microsoft Visual Studio Solution File, Format Version 12.00
# Visual Studio Version 17
VisualStudioVersion = 17.5.33516.290
MinimumVisualStudioVersion = 10.0.40219.1
Project("{FAE04EC0-301F-11D3-BF4B-00C04F79EFBC}") = "HotelManagerMVC", "HotelManagerMVC\HotelManagerMVC.csproj", "{BE17A35A-6E05-4215-A0F9-52CED352A022}"
EndProject
Global
	GlobalSection(SolutionConfigurationPlatforms) = preSolution
		Debug|Any CPU = Debug|Any CPU
		Release|Any CPU = Release|Any CPU
	EndGlobalSection
	GlobalSection(ProjectConfigurationPlatforms) = postSolution
		{BE17A35A-6E05-4215-A0F9-52CED352A022}.Debug|Any CPU.ActiveCfg = Debug|Any CPU
		{BE17A35A-6E05-4215-A0F9-52CED352A022}.Debug|Any CPU.Build.0 = Debug|Any CPU
		{BE17A35A-6E05-4215-A0F9-52CED352A022}.Release|Any CPU.ActiveCfg = Release|Any CPU
		{BE17A35A-6E05-4215-A0F9-52CED352A022}.Release|Any CPU.Build.0 = Release|Any CPU
	EndGlobalSection
	GlobalSection(SolutionProperties) = preSolution
		HideSolutionNode = FALSE
	EndGlobalSection
	GlobalSection(ExtensibilityGlobals) = postSolution
		SolutionGuid = {A22DEDAD-FEFE-4EAA-9756-A50528187525}
	EndGlobalSection
EndGlobal
